
Microsoft Visual Studio Solution File, Format Version 12.00
# Visual Studio 15
VisualStudioVersion = 15.0.28307.1500
MinimumVisualStudioVersion = 10.0.40219.1
Project("{FAE04EC0-301F-11D3-BF4B-00C04F79EFBC}") = "View", "View\View.csproj", "{41F4281A-38B3-4F9E-82EA-48F408434ACE}"
EndProject
Global
	GlobalSection(SolutionConfigurationPlatforms) = preSolution
		Debug|Any CPU = Debug|Any CPU
		Release|Any CPU = Release|Any CPU
	EndGlobalSection
	GlobalSection(ProjectConfigurationPlatforms) = postSolution
		{41F4281A-38B3-4F9E-82EA-48F408434ACE}.Debug|Any CPU.ActiveCfg = Debug|Any CPU
		{41F4281A-38B3-4F9E-82EA-48F408434ACE}.Debug|Any CPU.Build.0 = Debug|Any CPU
		{41F4281A-38B3-4F9E-82EA-48F408434ACE}.Release|Any CPU.ActiveCfg = Release|Any CPU
		{41F4281A-38B3-4F9E-82EA-48F408434ACE}.Release|Any CPU.Build.0 = Release|Any CPU
	EndGlobalSection
	GlobalSection(SolutionProperties) = preSolution
		HideSolutionNode = FALSE
	EndGlobalSection
	GlobalSection(ExtensibilityGlobals) = postSolution
		SolutionGuid = {3D72EB45-8DE2-4F6B-91CB-40C895357251}
	EndGlobalSection
EndGlobal
